// !$*UTF8*$!
{
	archiveVersion = 1;
	classes = {
	};
	objectVersion = 46;
	objects = {

/* Begin PBXBuildFile section */
		E04BEA981ED16817009166B9 /* AppDelegate.swift in Sources */ = {isa = PBXBuildFile; fileRef = E04BEA971ED16817009166B9 /* AppDelegate.swift */; };
		E04BEA9A1ED16817009166B9 /* ViewController.swift in Sources */ = {isa = PBXBuildFile; fileRef = E04BEA991ED16817009166B9 /* ViewController.swift */; };
		E04BEA9D1ED16817009166B9 /* Main.storyboard in Resources */ = {isa = PBXBuildFile; fileRef = E04BEA9B1ED16817009166B9 /* Main.storyboard */; };
		E04BEA9F1ED16817009166B9 /* Assets.xcassets in Resources */ = {isa = PBXBuildFile; fileRef = E04BEA9E1ED16817009166B9 /* Assets.xcassets */; };
		E04BEAA21ED16817009166B9 /* LaunchScreen.storyboard in Resources */ = {isa = PBXBuildFile; fileRef = E04BEAA01ED16817009166B9 /* LaunchScreen.storyboard */; };
/* End PBXBuildFile section */

/* Begin PBXFileReference section */
		E04BEA941ED16817009166B9 /* 21.app */ = {isa = PBXFileReference; explicitFileType = wrapper.application; includeInIndex = 0; path = 21.app; sourceTree = BUILT_PRODUCTS_DIR; };
		E04BEA971ED16817009166B9 /* AppDelegate.swift */ = {isa = PBXFileReference; lastKnownFileType = sourcecode.swift; path = AppDelegate.swift; sourceTree = "<group>"; };
		E04BEA991ED16817009166B9 /* ViewController.swift */ = {isa = PBXFileReference; lastKnownFileType = sourcecode.swift; path = ViewController.swift; sourceTree = "<group>"; };
		E04BEA9C1ED16817009166B9 /* Base */ = {isa = PBXFileReference; lastKnownFileType = file.storyboard; name = Base; path = Base.lproj/Main.storyboard; sourceTree = "<group>"; };
		E04BEA9E1ED16817009166B9 /* Assets.xcassets */ = {isa = PBXFileReference; lastKnownFileType = folder.assetcatalog; path = Assets.xcassets; sourceTree = "<group>"; };
		E04BEAA11ED16817009166B9 /* Base */ = {isa = PBXFileReference; lastKnownFileType = file.storyboard; name = Base; path = Base.lproj/LaunchScreen.storyboard; sourceTree = "<group>"; };
		E04BEAA31ED16817009166B9 /* Info.plist */ = {isa = PBXFileReference; lastKnownFileType = text.plist.xml; path = Info.plist; sourceTree = "<group>"; };
		E0A7E1E01ED60C190072960C /* en */ = {isa = PBXFileReference; lastKnownFileType = text.plist.strings; name = en; path = en.lproj/Main.strings; sourceTree = "<group>"; };
/* End PBXFileReference section */

/* Begin PBXFrameworksBuildPhase section */
		E04BEA911ED16817009166B9 /* Frameworks */ = {
			isa = PBXFrameworksBuildPhase;
			buildActionMask = 2147483647;
			files = (
			);
			runOnlyForDeploymentPostprocessing = 0;
		};
/* End PBXFrameworksBuildPhase section */

/* Begin PBXGroup section */
		E04BEA8B1ED16817009166B9 = {
			isa = PBXGroup;
			children = (
				E04BEA961ED16817009166B9 /* table */,
				E04BEA951ED16817009166B9 /* Products */,
			);
			sourceTree = "<group>";
		};
		E04BEA951ED16817009166B9 /* Products */ = {
			isa = PBXGroup;
			children = (
				E04BEA941ED16817009166B9 /* 21.app */,
			);
			name = Products;
			sourceTree = "<group>";
		};
		E04BEA961ED16817009166B9 /* table */ = {
			isa = PBXGroup;
			children = (
				E04BEA971ED16817009166B9 /* AppDelegate.swift */,
				E04BEA991ED16817009166B9 /* ViewController.swift */,
				E04BEA9B1ED16817009166B9 /* Main.storyboard */,
				E04BEA9E1ED16817009166B9 /* Assets.xcassets */,
				E04BEAA01ED16817009166B9 /* LaunchScreen.storyboard */,
				E04BEAA31ED16817009166B9 /* Info.plist */,
			);
			name = table;
			path = 21;
			sourceTree = "<group>";
		};
/* End PBXGroup section */

/* Begin PBXNativeTarget section */
		E04BEA931ED16817009166B9 /* 21 */ = {
			isa = PBXNativeTarget;
			buildConfigurationList = E04BEAA61ED16817009166B9 /* Build configuration list for PBXNativeTarget "21" */;
			buildPhases = (
				E04BEA901ED16817009166B9 /* Sources */,
				E04BEA911ED16817009166B9 /* Frameworks */,
				E04BEA921ED16817009166B9 /* Resources */,
			);
			buildRules = (
			);
			dependencies = (
			);
			name = 21;
			productName = 21;
			productReference = E04BEA941ED16817009166B9 /* 21.app */;
			productType = "com.apple.product-type.application";
		};
/* End PBXNativeTarget section */

/* Begin PBXProject section */
		E04BEA8C1ED16817009166B9 /* Project object */ = {
			isa = PBXProject;
			attributes = {
				LastSwiftUpdateCheck = 0830;
				LastUpgradeCheck = 0830;
				ORGANIZATIONNAME = "Natalie KU";
				TargetAttributes = {
					E04BEA931ED16817009166B9 = {
						CreatedOnToolsVersion = 8.3.2;
						DevelopmentTeam = HC9UU37FN8;
						ProvisioningStyle = Automatic;
					};
				};
			};
			buildConfigurationList = E04BEA8F1ED16817009166B9 /* Build configuration list for PBXProject "21" */;
			compatibilityVersion = "Xcode 3.2";
			developmentRegion = English;
			hasScannedForEncodings = 0;
			knownRegions = (
				en,
				Base,
			);
			mainGroup = E04BEA8B1ED16817009166B9;
			productRefGroup = E04BEA951ED16817009166B9 /* Products */;
			projectDirPath = "";
			projectRoot = "";
			targets = (
				E04BEA931ED16817009166B9 /* 21 */,
			);
		};
/* End PBXProject section */

/* Begin PBXResourcesBuildPhase section */
		E04BEA921ED16817009166B9 /* Resources */ = {
			isa = PBXResourcesBuildPhase;
			buildActionMask = 2147483647;
			files = (
				E04BEAA21ED16817009166B9 /* LaunchScreen.storyboard in Resources */,
				E04BEA9F1ED16817009166B9 /* Assets.xcassets in Resources */,
				E04BEA9D1ED16817009166B9 /* Main.storyboard in Resources */,
			);
			runOnlyForDeploymentPostprocessing = 0;
		};
/* End PBXResourcesBuildPhase section */

/* Begin PBXSourcesBuildPhase section */
		E04BEA901ED16817009166B9 /* Sources */ = {
			isa = PBXSourcesBuildPhase;
			buildActionMask = 2147483647;
			files = (
				E04BEA9A1ED16817009166B9 /* ViewController.swift in Sources */,
				E04BEA981ED16817009166B9 /* AppDelegate.swift in Sources */,
			);
			runOnlyForDeploymentPostprocessing = 0;
		};
/* End PBXSourcesBuildPhase section */

/* Begin PBXVariantGroup section */
		E04BEA9B1ED16817009166B9 /* Main.storyboard */ = {
			isa = PBXVariantGroup;
			children = (
				E04BEA9C1ED16817009166B9 /* Base */,
				E0A7E1E01ED60C190072960C /* en */,
			);
			name = Main.storyboard;
			sourceTree = "<group>";
		};
		E04BEAA01ED16817009166B9 /* LaunchScreen.storyboard */ = {
			isa = PBXVariantGroup;
			children = (
				E04BEAA11ED16817009166B9 /* Base */,
			);
			name = LaunchScreen.storyboard;
			sourceTree = "<group>";
		};
/* End PBXVariantGroup section */

/* Begin XCBuildConfiguration section */
		E04BEAA41ED16817009166B9 /* Debug */ = {
			isa = XCBuildConfiguration;
			buildSettings = {
				ALWAYS_SEARCH_USER_PATHS = NO;
				CLANG_ANALYZER_NONNULL = YES;
				CLANG_ANALYZER_NUMBER_OBJECT_CONVERSION = YES_AGGRESSIVE;
				CLANG_CXX_LANGUAGE_STANDARD = "gnu++0x";
				CLANG_CXX_LIBRARY = "libc++";
				CLANG_ENABLE_MODULES = YES;
				CLANG_ENABLE_OBJC_ARC = YES;
				CLANG_WARN_BOOL_CONVERSION = YES;
				CLANG_WARN_CONSTANT_CONVERSION = YES;
				CLANG_WARN_DIRECT_OBJC_ISA_USAGE = YES_ERROR;
				CLANG_WARN_DOCUMENTATION_COMMENTS = YES;
				CLANG_WARN_EMPTY_BODY = YES;
				CLANG_WARN_ENUM_CONVERSION = YES;
				CLANG_WARN_INFINITE_RECURSION = YES;
				CLANG_WARN_INT_CONVERSION = YES;
				CLANG_WARN_OBJC_ROOT_CLASS = YES_ERROR;
				CLANG_WARN_SUSPICIOUS_MOVE = YES;
				CLANG_WARN_UNREACHABLE_CODE = YES;
				CLANG_WARN__DUPLICATE_METHOD_MATCH = YES;
				"CODE_SIGN_IDENTITY[sdk=iphoneos*]" = "iPhone Developer";
				COPY_PHASE_STRIP = NO;
				DEBUG_INFORMATION_FORMAT = dwarf;
				ENABLE_STRICT_OBJC_MSGSEND = YES;
				ENABLE_TESTABILITY = YES;
				GCC_C_LANGUAGE_STANDARD = gnu99;
				GCC_DYNAMIC_NO_PIC = NO;
				GCC_NO_COMMON_BLOCKS = YES;
				GCC_OPTIMIZATION_LEVEL = 0;
				GCC_PREPROCESSOR_DEFINITIONS = (
					"DEBUG=1",
					"$(inherited)",
				);
				GCC_WARN_64_TO_32_BIT_CONVERSION = YES;
				GCC_WARN_ABOUT_RETURN_TYPE = YES_ERROR;
				GCC_WARN_UNDECLARED_SELECTOR = YES;
				GCC_WARN_UNINITIALIZED_AUTOS = YES_AGGRESSIVE;
				GCC_WARN_UNUSED_FUNCTION = YES;
				GCC_WARN_UNUSED_VARIABLE = YES;
				IPHONEOS_DEPLOYMENT_TARGET = 10.3;
				MTL_ENABLE_DEBUG_INFO = YES;
				ONLY_ACTIVE_ARCH = YES;
				SDKROOT = iphoneos;
				SWIFT_ACTIVE_COMPILATION_CONDITIONS = DEBUG;
				SWIFT_OPTIMIZATION_LEVEL = "-Onone";
			};
			name = Debug;
		};
		E04BEAA51ED16817009166B9 /* Release */ = {
			isa = XCBuildConfiguration;
			buildSettings = {
				ALWAYS_SEARCH_USER_PATHS = NO;
				CLANG_ANALYZER_NONNULL = YES;
				CLANG_ANALYZER_NUMBER_OBJECT_CONVERSION = YES_AGGRESSIVE;
				CLANG_CXX_LANGUAGE_STANDARD = "gnu++0x";
				CLANG_CXX_LIBRARY = "libc++";
				CLANG_ENABLE_MODULES = YES;
				CLANG_ENABLE_OBJC_ARC = YES;
				CLANG_WARN_BOOL_CONVERSION = YES;
				CLANG_WARN_CONSTANT_CONVERSION = YES;
				CLANG_WARN_DIRECT_OBJC_ISA_USAGE = YES_ERROR;
				CLANG_WARN_DOCUMENTATION_COMMENTS = YES;
				CLANG_WARN_EMPTY_BODY = YES;
				CLANG_WARN_ENUM_CONVERSION = YES;
				CLANG_WARN_INFINITE_RECURSION = YES;
				CLANG_WARN_INT_CONVERSION = YES;
				CLANG_WARN_OBJC_ROOT_CLASS = YES_ERROR;
				CLANG_WARN_SUSPICIOUS_MOVE = YES;
				CLANG_WARN_UNREACHABLE_CODE = YES;
				CLANG_WARN__DUPLICATE_METHOD_MATCH = YES;
				"CODE_SIGN_IDENTITY[sdk=iphoneos*]" = "iPhone Developer";
				COPY_PHASE_STRIP = NO;
				DEBUG_INFORMATION_FORMAT = "dwarf-with-dsym";
				ENABLE_NS_ASSERTIONS = NO;
				ENABLE_STRICT_OBJC_MSGSEND = YES;
				GCC_C_LANGUAGE_STANDARD = gnu99;
				GCC_NO_COMMON_BLOCKS = YES;
				GCC_WARN_64_TO_32_BIT_CONVERSION = YES;
				GCC_WARN_ABOUT_RETURN_TYPE = YES_ERROR;
				GCC_WARN_UNDECLARED_SELECTOR = YES;
				GCC_WARN_UNINITIALIZED_AUTOS = YES_AGGRESSIVE;
				GCC_WARN_UNUSED_FUNCTION = YES;
				GCC_WARN_UNUSED_VARIABLE = YES;
				IPHONEOS_DEPLOYMENT_TARGET = 10.3;
				MTL_ENABLE_DEBUG_INFO = NO;
				SDKROOT = iphoneos;
				SWIFT_OPTIMIZATION_LEVEL = "-Owholemodule";
				VALIDATE_PRODUCT = YES;
			};
			name = Release;
		};
		E04BEAA71ED16817009166B9 /* Debug */ = {
			isa = XCBuildConfiguration;
			buildSettings = {
				ASSETCATALOG_COMPILER_APPICON_NAME = AppIcon;
				DEVELOPMENT_TEAM = HC9UU37FN8;
				INFOPLIST_FILE = 21/Info.plist;
				LD_RUNPATH_SEARCH_PATHS = "$(inherited) @executable_path/Frameworks";
				PRODUCT_BUNDLE_IDENTIFIER = "-1.-1";
				PRODUCT_NAME = "$(TARGET_NAME)";
				SWIFT_VERSION = 3.0;
			};
			name = Debug;
		};
		E04BEAA81ED16817009166B9 /* Release */ = {
			isa = XCBuildConfiguration;
			buildSettings = {
				ASSETCATALOG_COMPILER_APPICON_NAME = AppIcon;
				DEVELOPMENT_TEAM = HC9UU37FN8;
				INFOPLIST_FILE = 21/Info.plist;
				LD_RUNPATH_SEARCH_PATHS = "$(inherited) @executable_path/Frameworks";
				PRODUCT_BUNDLE_IDENTIFIER = "-1.-1";
				PRODUCT_NAME = "$(TARGET_NAME)";
				SWIFT_VERSION = 3.0;
			};
			name = Release;
		};
/* End XCBuildConfiguration section */

/* Begin XCConfigurationList section */
		E04BEA8F1ED16817009166B9 /* Build configuration list for PBXProject "21" */ = {
			isa = XCConfigurationList;
			buildConfigurations = (
				E04BEAA41ED16817009166B9 /* Debug */,
				E04BEAA51ED16817009166B9 /* Release */,
			);
			defaultConfigurationIsVisible = 0;
			defaultConfigurationName = Release;
		};
		E04BEAA61ED16817009166B9 /* Build configuration list for PBXNativeTarget "21" */ = {
			isa = XCConfigurationList;
			buildConfigurations = (
				E04BEAA71ED16817009166B9 /* Debug */,
				E04BEAA81ED16817009166B9 /* Release */,
			);
			defaultConfigurationIsVisible = 0;
			defaultConfigurationName = Release;
		};
/* End XCConfigurationList section */
	};
	rootObject = E04BEA8C1ED16817009166B9 /* Project object */;
}
